{
  "name": "thrift-demo",
  "version": "1.0.0",
  "lockfileVersion": 1,
  "requires": true,
  "dependencies": {
    "async-limiter": {
      "version": "1.0.1",
      "resolved": "https://registry.npm.taobao.org/async-limiter/download/async-limiter-1.0.1.tgz?cache=0&other_urls=https%3A%2F%2Fregistry.npm.taobao.org%2Fasync-limiter%2Fdownload%2Fasync-limiter-1.0.1.tgz",
      "integrity": "sha1-3TeelPDbgxCwgpH51kwyCXZmF/0="
    },
    "browser-or-node": {
      "version": "1.3.0",
      "resolved": "https://registry.npm.taobao.org/browser-or-node/download/browser-or-node-1.3.0.tgz",
      "integrity": "sha1-8qToVo9gJjBQpnFLLMI2u5dmR6c="
    },
    "isomorphic-ws": {
      "version": "4.0.1",
      "resolved": "https://registry.npm.taobao.org/isomorphic-ws/download/isomorphic-ws-4.0.1.tgz",
      "integrity": "sha1-Vf1M1sXmSR523BJZON2GP1zU8tw="
    },
    "node-int64": {
      "version": "0.4.0",
      "resolved": "https://registry.npm.taobao.org/node-int64/download/node-int64-0.4.0.tgz",
      "integrity": "sha1-h6kGXNs1XTGC2PlM4RGIuCXGijs="
    },
    "q": {
      "version": "1.5.1",
      "resolved": "https://registry.npm.taobao.org/q/download/q-1.5.1.tgz",
      "integrity": "sha1-fjL3W0E4EpHQRhHxvxQQmsAGUdc="
    },
    "thrift": {
      "version": "0.15.0",
      "resolved": "https://registry.nlark.com/thrift/download/thrift-0.15.0.tgz",
      "integrity": "sha1-nFAqs3Y+Erk+M8i05cHg4S7YZM8=",
      "requires": {
        "browser-or-node": "^1.2.1",
        "isomorphic-ws": "^4.0.1",
        "node-int64": "^0.4.0",
        "q": "^1.5.0",
        "ws": "^5.2.2"
      }
    },
    "ws": {
      "version": "5.2.3",
      "resolved": "https://registry.npmmirror.com/ws/download/ws-5.2.3.tgz?cache=0&sync_timestamp=1633200039582&other_urls=https%3A%2F%2Fregistry.npmmirror.com%2Fws%2Fdownload%2Fws-5.2.3.tgz",
      "integrity": "sha1-BVQQU0FJIbwpxjvuFLiw3VCwez0=",
      "requires": {
        "async-limiter": "~1.0.0"
      }
    }
  }
}
